
Microsoft Visual Studio Solution File, Format Version 12.00
# Visual Studio Version 17
VisualStudioVersion = 17.2.32616.157
MinimumVisualStudioVersion = 10.0.40219.1
Project("{FAE04EC0-301F-11D3-BF4B-00C04F79EFBC}") = "csharp-biblioteca", "csharp-biblioteca.csproj", "{98A639CA-1111-4084-B2EA-0FB067DAEEFB}"
EndProject
Global
	GlobalSection(SolutionConfigurationPlatforms) = preSolution
		Debug|Any CPU = Debug|Any CPU
		Release|Any CPU = Release|Any CPU
	EndGlobalSection
	GlobalSection(ProjectConfigurationPlatforms) = postSolution
		{98A639CA-1111-4084-B2EA-0FB067DAEEFB}.Debug|Any CPU.ActiveCfg = Debug|Any CPU
		{98A639CA-1111-4084-B2EA-0FB067DAEEFB}.Debug|Any CPU.Build.0 = Debug|Any CPU
		{98A639CA-1111-4084-B2EA-0FB067DAEEFB}.Release|Any CPU.ActiveCfg = Release|Any CPU
		{98A639CA-1111-4084-B2EA-0FB067DAEEFB}.Release|Any CPU.Build.0 = Release|Any CPU
	EndGlobalSection
	GlobalSection(SolutionProperties) = preSolution
		HideSolutionNode = FALSE
	EndGlobalSection
	GlobalSection(ExtensibilityGlobals) = postSolution
		SolutionGuid = {4E9C854D-FED2-4F42-9891-82F6BD2CBA78}
	EndGlobalSection
EndGlobal
